
Microsoft Visual Studio Solution File, Format Version 12.00
# Visual Studio Version 16
VisualStudioVersion = 16.0.30225.117
MinimumVisualStudioVersion = 10.0.40219.1
Project("{FAE04EC0-301F-11D3-BF4B-00C04F79EFBC}") = "adventofcode2019", "adventofcode2019\adventofcode2019.csproj", "{0ED7DFC0-00B6-4940-A780-9D4B84A5913C}"
EndProject
Global
	GlobalSection(SolutionConfigurationPlatforms) = preSolution
		Debug|Any CPU = Debug|Any CPU
		Release|Any CPU = Release|Any CPU
	EndGlobalSection
	GlobalSection(ProjectConfigurationPlatforms) = postSolution
		{0ED7DFC0-00B6-4940-A780-9D4B84A5913C}.Debug|Any CPU.ActiveCfg = Debug|Any CPU
		{0ED7DFC0-00B6-4940-A780-9D4B84A5913C}.Debug|Any CPU.Build.0 = Debug|Any CPU
		{0ED7DFC0-00B6-4940-A780-9D4B84A5913C}.Release|Any CPU.ActiveCfg = Release|Any CPU
		{0ED7DFC0-00B6-4940-A780-9D4B84A5913C}.Release|Any CPU.Build.0 = Release|Any CPU
	EndGlobalSection
	GlobalSection(SolutionProperties) = preSolution
		HideSolutionNode = FALSE
	EndGlobalSection
	GlobalSection(ExtensibilityGlobals) = postSolution
		SolutionGuid = {CBF02FBB-E126-4B2B-8443-C2D03CAA489B}
	EndGlobalSection
EndGlobal
